
Microsoft Visual Studio Solution File, Format Version 12.00
# Visual Studio 15
VisualStudioVersion = 15.0.27428.2005
MinimumVisualStudioVersion = 10.0.40219.1
Project("{9A19103F-16F7-4668-BE54-9A1E7A4F7556}") = "TestApplication", "TestApplication\TestApplication.csproj", "{C132AFD6-F6E9-40E5-B10F-46B514D88D98}"
EndProject
Project("{9A19103F-16F7-4668-BE54-9A1E7A4F7556}") = "StateFlowFramework", "StateFlowFramework\StateFlowFramework.csproj", "{EF5BABC2-F4C6-4AAD-92B5-0BEA207A8CA7}"
EndProject
Project("{FAE04EC0-301F-11D3-BF4B-00C04F79EFBC}") = "StateFlowFrameworkUnitTests", "StateFlowFrameworkUnitTests\StateFlowFrameworkUnitTests.csproj", "{884B2EFF-F5DD-49BA-ACD4-1108C7FED8FE}"
EndProject
Global
	GlobalSection(SolutionConfigurationPlatforms) = preSolution
		Debug|Any CPU = Debug|Any CPU
		Release|Any CPU = Release|Any CPU
	EndGlobalSection
	GlobalSection(ProjectConfigurationPlatforms) = postSolution
		{C132AFD6-F6E9-40E5-B10F-46B514D88D98}.Debug|Any CPU.ActiveCfg = Debug|Any CPU
		{C132AFD6-F6E9-40E5-B10F-46B514D88D98}.Debug|Any CPU.Build.0 = Debug|Any CPU
		{C132AFD6-F6E9-40E5-B10F-46B514D88D98}.Release|Any CPU.ActiveCfg = Release|Any CPU
		{C132AFD6-F6E9-40E5-B10F-46B514D88D98}.Release|Any CPU.Build.0 = Release|Any CPU
		{EF5BABC2-F4C6-4AAD-92B5-0BEA207A8CA7}.Debug|Any CPU.ActiveCfg = Debug|Any CPU
		{EF5BABC2-F4C6-4AAD-92B5-0BEA207A8CA7}.Debug|Any CPU.Build.0 = Debug|Any CPU
		{EF5BABC2-F4C6-4AAD-92B5-0BEA207A8CA7}.Release|Any CPU.ActiveCfg = Release|Any CPU
		{EF5BABC2-F4C6-4AAD-92B5-0BEA207A8CA7}.Release|Any CPU.Build.0 = Release|Any CPU
		{884B2EFF-F5DD-49BA-ACD4-1108C7FED8FE}.Debug|Any CPU.ActiveCfg = Debug|Any CPU
		{884B2EFF-F5DD-49BA-ACD4-1108C7FED8FE}.Debug|Any CPU.Build.0 = Debug|Any CPU
		{884B2EFF-F5DD-49BA-ACD4-1108C7FED8FE}.Release|Any CPU.ActiveCfg = Release|Any CPU
		{884B2EFF-F5DD-49BA-ACD4-1108C7FED8FE}.Release|Any CPU.Build.0 = Release|Any CPU
	EndGlobalSection
	GlobalSection(SolutionProperties) = preSolution
		HideSolutionNode = FALSE
	EndGlobalSection
	GlobalSection(ExtensibilityGlobals) = postSolution
		SolutionGuid = {1DE3E3F1-6440-41FA-9F15-2E091DCBF3B7}
	EndGlobalSection
EndGlobal
